
Microsoft Visual Studio Solution File, Format Version 12.00
# Visual Studio Version 16
VisualStudioVersion = 16.0.31624.102
MinimumVisualStudioVersion = 10.0.40219.1
Project("{9A19103F-16F7-4668-BE54-9A1E7A4F7556}") = "FoxyBank", "FoxyBank\FoxyBank.csproj", "{6F9DB3D7-95A0-481A-87EB-F0E29EFA06D0}"
EndProject
Project("{FAE04EC0-301F-11D3-BF4B-00C04F79EFBC}") = "FoxyBank.Test", "FoxyBank.Test\FoxyBank.Test.csproj", "{A2E7E324-BC8B-4D72-B70F-BDA55B087947}"
EndProject
Global
	GlobalSection(SolutionConfigurationPlatforms) = preSolution
		Debug|Any CPU = Debug|Any CPU
		Release|Any CPU = Release|Any CPU
	EndGlobalSection
	GlobalSection(ProjectConfigurationPlatforms) = postSolution
		{6F9DB3D7-95A0-481A-87EB-F0E29EFA06D0}.Debug|Any CPU.ActiveCfg = Debug|Any CPU
		{6F9DB3D7-95A0-481A-87EB-F0E29EFA06D0}.Debug|Any CPU.Build.0 = Debug|Any CPU
		{6F9DB3D7-95A0-481A-87EB-F0E29EFA06D0}.Release|Any CPU.ActiveCfg = Release|Any CPU
		{6F9DB3D7-95A0-481A-87EB-F0E29EFA06D0}.Release|Any CPU.Build.0 = Release|Any CPU
		{A2E7E324-BC8B-4D72-B70F-BDA55B087947}.Debug|Any CPU.ActiveCfg = Debug|Any CPU
		{A2E7E324-BC8B-4D72-B70F-BDA55B087947}.Debug|Any CPU.Build.0 = Debug|Any CPU
		{A2E7E324-BC8B-4D72-B70F-BDA55B087947}.Release|Any CPU.ActiveCfg = Release|Any CPU
		{A2E7E324-BC8B-4D72-B70F-BDA55B087947}.Release|Any CPU.Build.0 = Release|Any CPU
	EndGlobalSection
	GlobalSection(SolutionProperties) = preSolution
		HideSolutionNode = FALSE
	EndGlobalSection
	GlobalSection(ExtensibilityGlobals) = postSolution
		SolutionGuid = {D1EFFCDF-90DC-4E94-827A-50497386A2D5}
	EndGlobalSection
EndGlobal
